
Microsoft Visual Studio Solution File, Format Version 12.00
# Visual Studio Version 17
VisualStudioVersion = 17.12.35514.174
MinimumVisualStudioVersion = 10.0.40219.1
Project("{FAE04EC0-301F-11D3-BF4B-00C04F79EFBC}") = "Bank Console", "Bank Account\Bank Console.csproj", "{F395666C-7DA2-4DC9-B9C3-16236038462D}"
EndProject
Project("{FAE04EC0-301F-11D3-BF4B-00C04F79EFBC}") = "Bank Library", "..\Bank Library\Bank Library\Bank Library.csproj", "{2C07E925-F7C4-4A43-808B-927CEE5FFDBC}"
EndProject
Project("{FAE04EC0-301F-11D3-BF4B-00C04F79EFBC}") = "Bank with UI", "Bank with UI\Bank with UI.csproj", "{9AA91527-1F0B-4589-94B6-5B2A6E6C81DA}"
EndProject
Global
	GlobalSection(SolutionConfigurationPlatforms) = preSolution
		Debug|Any CPU = Debug|Any CPU
		Release|Any CPU = Release|Any CPU
	EndGlobalSection
	GlobalSection(ProjectConfigurationPlatforms) = postSolution
		{F395666C-7DA2-4DC9-B9C3-16236038462D}.Debug|Any CPU.ActiveCfg = Debug|Any CPU
		{F395666C-7DA2-4DC9-B9C3-16236038462D}.Debug|Any CPU.Build.0 = Debug|Any CPU
		{F395666C-7DA2-4DC9-B9C3-16236038462D}.Release|Any CPU.ActiveCfg = Release|Any CPU
		{F395666C-7DA2-4DC9-B9C3-16236038462D}.Release|Any CPU.Build.0 = Release|Any CPU
		{2C07E925-F7C4-4A43-808B-927CEE5FFDBC}.Debug|Any CPU.ActiveCfg = Debug|Any CPU
		{2C07E925-F7C4-4A43-808B-927CEE5FFDBC}.Debug|Any CPU.Build.0 = Debug|Any CPU
		{2C07E925-F7C4-4A43-808B-927CEE5FFDBC}.Release|Any CPU.ActiveCfg = Release|Any CPU
		{2C07E925-F7C4-4A43-808B-927CEE5FFDBC}.Release|Any CPU.Build.0 = Release|Any CPU
		{9AA91527-1F0B-4589-94B6-5B2A6E6C81DA}.Debug|Any CPU.ActiveCfg = Debug|Any CPU
		{9AA91527-1F0B-4589-94B6-5B2A6E6C81DA}.Debug|Any CPU.Build.0 = Debug|Any CPU
		{9AA91527-1F0B-4589-94B6-5B2A6E6C81DA}.Release|Any CPU.ActiveCfg = Release|Any CPU
		{9AA91527-1F0B-4589-94B6-5B2A6E6C81DA}.Release|Any CPU.Build.0 = Release|Any CPU
	EndGlobalSection
	GlobalSection(SolutionProperties) = preSolution
		HideSolutionNode = FALSE
	EndGlobalSection
EndGlobal
